
Microsoft Visual Studio Solution File, Format Version 12.00
Project("{FAE04EC0-301F-11D3-BF4B-00C04F79EFBC}") = "GroceryStoreTestApp.Api", "GroceryStoreTestApp.Api\GroceryStoreTestApp.Api.csproj", "{A9A9DD6A-C410-4330-9114-8B5375BC810F}"
EndProject
Project("{FAE04EC0-301F-11D3-BF4B-00C04F79EFBC}") = "DataAccess", "DataAccess\DataAccess.csproj", "{167EC1A9-71D4-4ECE-8668-D9C5EEF7EDF1}"
EndProject
Project("{FAE04EC0-301F-11D3-BF4B-00C04F79EFBC}") = "BussinessLogic", "BussinessLogic\BussinessLogic.csproj", "{65C79F99-1AA4-460E-A566-F1DB0183A124}"
EndProject
Global
	GlobalSection(SolutionConfigurationPlatforms) = preSolution
		Debug|Any CPU = Debug|Any CPU
		Release|Any CPU = Release|Any CPU
	EndGlobalSection
	GlobalSection(ProjectConfigurationPlatforms) = postSolution
		{A9A9DD6A-C410-4330-9114-8B5375BC810F}.Debug|Any CPU.ActiveCfg = Debug|Any CPU
		{A9A9DD6A-C410-4330-9114-8B5375BC810F}.Debug|Any CPU.Build.0 = Debug|Any CPU
		{A9A9DD6A-C410-4330-9114-8B5375BC810F}.Release|Any CPU.ActiveCfg = Release|Any CPU
		{A9A9DD6A-C410-4330-9114-8B5375BC810F}.Release|Any CPU.Build.0 = Release|Any CPU
		{167EC1A9-71D4-4ECE-8668-D9C5EEF7EDF1}.Debug|Any CPU.ActiveCfg = Debug|Any CPU
		{167EC1A9-71D4-4ECE-8668-D9C5EEF7EDF1}.Debug|Any CPU.Build.0 = Debug|Any CPU
		{167EC1A9-71D4-4ECE-8668-D9C5EEF7EDF1}.Release|Any CPU.ActiveCfg = Release|Any CPU
		{167EC1A9-71D4-4ECE-8668-D9C5EEF7EDF1}.Release|Any CPU.Build.0 = Release|Any CPU
		{65C79F99-1AA4-460E-A566-F1DB0183A124}.Debug|Any CPU.ActiveCfg = Debug|Any CPU
		{65C79F99-1AA4-460E-A566-F1DB0183A124}.Debug|Any CPU.Build.0 = Debug|Any CPU
		{65C79F99-1AA4-460E-A566-F1DB0183A124}.Release|Any CPU.ActiveCfg = Release|Any CPU
		{65C79F99-1AA4-460E-A566-F1DB0183A124}.Release|Any CPU.Build.0 = Release|Any CPU
	EndGlobalSection
EndGlobal
